// !$*UTF8*$!
{
	archiveVersion = 1;
	classes = {
	};
	objectVersion = 56;
	objects = {

/* Begin PBXBuildFile section */
		2605443F29DF3FAD00AE2662 /* TKNApp.swift in Sources */ = {isa = PBXBuildFile; fileRef = 2605443E29DF3FAD00AE2662 /* TKNApp.swift */; };
		2605444129DF3FAD00AE2662 /* ContentView.swift in Sources */ = {isa = PBXBuildFile; fileRef = 2605444029DF3FAD00AE2662 /* ContentView.swift */; };
		2605444329DF3FB000AE2662 /* Assets.xcassets in Resources */ = {isa = PBXBuildFile; fileRef = 2605444229DF3FB000AE2662 /* Assets.xcassets */; };
		2605444729DF3FB000AE2662 /* Preview Assets.xcassets in Resources */ = {isa = PBXBuildFile; fileRef = 2605444629DF3FB000AE2662 /* Preview Assets.xcassets */; };
		2605445129DF3FB000AE2662 /* TKNTests.swift in Sources */ = {isa = PBXBuildFile; fileRef = 2605445029DF3FB000AE2662 /* TKNTests.swift */; };
		2605445B29DF3FB000AE2662 /* TKNUITests.swift in Sources */ = {isa = PBXBuildFile; fileRef = 2605445A29DF3FB000AE2662 /* TKNUITests.swift */; };
		2605445D29DF3FB000AE2662 /* TKNUITestsLaunchTests.swift in Sources */ = {isa = PBXBuildFile; fileRef = 2605445C29DF3FB000AE2662 /* TKNUITestsLaunchTests.swift */; };
		2605446A29DF40D400AE2662 /* WebView.swift in Sources */ = {isa = PBXBuildFile; fileRef = 2605446929DF40D400AE2662 /* WebView.swift */; };
		260B51EB2A0BE299000AC7A7 /* SearchView.swift in Sources */ = {isa = PBXBuildFile; fileRef = 260B51EA2A0BE299000AC7A7 /* SearchView.swift */; };
		260B51EF2A0BEC4A000AC7A7 /* UIWebView.swift in Sources */ = {isa = PBXBuildFile; fileRef = 260B51EE2A0BEC4A000AC7A7 /* UIWebView.swift */; };
		268EE57629E7DEEF00081807 /* edit.svg in Resources */ = {isa = PBXBuildFile; fileRef = 268EE57529E7DEEF00081807 /* edit.svg */; };
		26D64C6D29F330AB00526CDE /* Constants.swift in Sources */ = {isa = PBXBuildFile; fileRef = 26D64C6C29F330AB00526CDE /* Constants.swift */; };
		26EF69B129DF6D23006848B2 /* search.svg in Resources */ = {isa = PBXBuildFile; fileRef = 26EF69B029DF6D23006848B2 /* search.svg */; };
		26EF69B329DF6D2E006848B2 /* star.svg in Resources */ = {isa = PBXBuildFile; fileRef = 26EF69B229DF6D2E006848B2 /* star.svg */; };
		26EF69B529DF6D35006848B2 /* list.svg in Resources */ = {isa = PBXBuildFile; fileRef = 26EF69B429DF6D35006848B2 /* list.svg */; };
		26EF69B829DF7093006848B2 /* SVGKitSwift in Frameworks */ = {isa = PBXBuildFile; productRef = 26EF69B729DF7093006848B2 /* SVGKitSwift */; };
/* End PBXBuildFile section */

/* Begin PBXContainerItemProxy section */
		2605444D29DF3FB000AE2662 /* PBXContainerItemProxy */ = {
			isa = PBXContainerItemProxy;
			containerPortal = 2605443329DF3FAD00AE2662 /* Project object */;
			proxyType = 1;
			remoteGlobalIDString = 2605443A29DF3FAD00AE2662;
			remoteInfo = TKN;
		};
		2605445729DF3FB000AE2662 /* PBXContainerItemProxy */ = {
			isa = PBXContainerItemProxy;
			containerPortal = 2605443329DF3FAD00AE2662 /* Project object */;
			proxyType = 1;
			remoteGlobalIDString = 2605443A29DF3FAD00AE2662;
			remoteInfo = TKN;
		};
/* End PBXContainerItemProxy section */

/* Begin PBXFileReference section */
		2605443B29DF3FAD00AE2662 /* TKN.app */ = {isa = PBXFileReference; explicitFileType = wrapper.application; includeInIndex = 0; path = TKN.app; sourceTree = BUILT_PRODUCTS_DIR; };
		2605443E29DF3FAD00AE2662 /* TKNApp.swift */ = {isa = PBXFileReference; lastKnownFileType = sourcecode.swift; path = TKNApp.swift; sourceTree = "<group>"; };
		2605444029DF3FAD00AE2662 /* ContentView.swift */ = {isa = PBXFileReference; lastKnownFileType = sourcecode.swift; path = ContentView.swift; sourceTree = "<group>"; };
		2605444229DF3FB000AE2662 /* Assets.xcassets */ = {isa = PBXFileReference; lastKnownFileType = folder.assetcatalog; path = Assets.xcassets; sourceTree = "<group>"; };
		2605444429DF3FB000AE2662 /* TKN.entitlements */ = {isa = PBXFileReference; lastKnownFileType = text.plist.entitlements; path = TKN.entitlements; sourceTree = "<group>"; };
		2605444629DF3FB000AE2662 /* Preview Assets.xcassets */ = {isa = PBXFileReference; lastKnownFileType = folder.assetcatalog; path = "Preview Assets.xcassets"; sourceTree = "<group>"; };
		2605444C29DF3FB000AE2662 /* TKNTests.xctest */ = {isa = PBXFileReference; explicitFileType = wrapper.cfbundle; includeInIndex = 0; path = TKNTests.xctest; sourceTree = BUILT_PRODUCTS_DIR; };
		2605445029DF3FB000AE2662 /* TKNTests.swift */ = {isa = PBXFileReference; lastKnownFileType = sourcecode.swift; path = TKNTests.swift; sourceTree = "<group>"; };
		2605445629DF3FB000AE2662 /* TKNUITests.xctest */ = {isa = PBXFileReference; explicitFileType = wrapper.cfbundle; includeInIndex = 0; path = TKNUITests.xctest; sourceTree = BUILT_PRODUCTS_DIR; };
		2605445A29DF3FB000AE2662 /* TKNUITests.swift */ = {isa = PBXFileReference; lastKnownFileType = sourcecode.swift; path = TKNUITests.swift; sourceTree = "<group>"; };
		2605445C29DF3FB000AE2662 /* TKNUITestsLaunchTests.swift */ = {isa = PBXFileReference; lastKnownFileType = sourcecode.swift; path = TKNUITestsLaunchTests.swift; sourceTree = "<group>"; };
		2605446929DF40D400AE2662 /* WebView.swift */ = {isa = PBXFileReference; fileEncoding = 4; lastKnownFileType = sourcecode.swift; path = WebView.swift; sourceTree = "<group>"; };
		260B51EA2A0BE299000AC7A7 /* SearchView.swift */ = {isa = PBXFileReference; lastKnownFileType = sourcecode.swift; path = SearchView.swift; sourceTree = "<group>"; };
		260B51EE2A0BEC4A000AC7A7 /* UIWebView.swift */ = {isa = PBXFileReference; lastKnownFileType = sourcecode.swift; path = UIWebView.swift; sourceTree = "<group>"; };
		268EE57529E7DEEF00081807 /* edit.svg */ = {isa = PBXFileReference; fileEncoding = 4; lastKnownFileType = text; path = edit.svg; sourceTree = "<group>"; };
		26D64C6C29F330AB00526CDE /* Constants.swift */ = {isa = PBXFileReference; lastKnownFileType = sourcecode.swift; path = Constants.swift; sourceTree = "<group>"; };
		26EF69AE29DF6361006848B2 /* Info.plist */ = {isa = PBXFileReference; lastKnownFileType = text.plist; path = Info.plist; sourceTree = "<group>"; };
		26EF69B029DF6D23006848B2 /* search.svg */ = {isa = PBXFileReference; fileEncoding = 4; lastKnownFileType = text; path = search.svg; sourceTree = "<group>"; };
		26EF69B229DF6D2E006848B2 /* star.svg */ = {isa = PBXFileReference; fileEncoding = 4; lastKnownFileType = text; path = star.svg; sourceTree = "<group>"; };
		26EF69B429DF6D35006848B2 /* list.svg */ = {isa = PBXFileReference; fileEncoding = 4; lastKnownFileType = text; path = list.svg; sourceTree = "<group>"; };
/* End PBXFileReference section */

/* Begin PBXFrameworksBuildPhase section */
		2605443829DF3FAD00AE2662 /* Frameworks */ = {
			isa = PBXFrameworksBuildPhase;
			buildActionMask = 2147483647;
			files = (
				26EF69B829DF7093006848B2 /* SVGKitSwift in Frameworks */,
			);
			runOnlyForDeploymentPostprocessing = 0;
		};
		2605444929DF3FB000AE2662 /* Frameworks */ = {
			isa = PBXFrameworksBuildPhase;
			buildActionMask = 2147483647;
			files = (
			);
			runOnlyForDeploymentPostprocessing = 0;
		};
		2605445329DF3FB000AE2662 /* Frameworks */ = {
			isa = PBXFrameworksBuildPhase;
			buildActionMask = 2147483647;
			files = (
			);
			runOnlyForDeploymentPostprocessing = 0;
		};
/* End PBXFrameworksBuildPhase section */

/* Begin PBXGroup section */
		2605443229DF3FAD00AE2662 = {
			isa = PBXGroup;
			children = (
				2605443D29DF3FAD00AE2662 /* TKN */,
				26EF69AF29DF6D07006848B2 /* Assets */,
				2605444F29DF3FB000AE2662 /* TKNTests */,
				2605445929DF3FB000AE2662 /* TKNUITests */,
				2605443C29DF3FAD00AE2662 /* Products */,
			);
			sourceTree = "<group>";
		};
		2605443C29DF3FAD00AE2662 /* Products */ = {
			isa = PBXGroup;
			children = (
				2605443B29DF3FAD00AE2662 /* TKN.app */,
				2605444C29DF3FB000AE2662 /* TKNTests.xctest */,
				2605445629DF3FB000AE2662 /* TKNUITests.xctest */,
			);
			name = Products;
			sourceTree = "<group>";
		};
		2605443D29DF3FAD00AE2662 /* TKN */ = {
			isa = PBXGroup;
			children = (
				26D64C6C29F330AB00526CDE /* Constants.swift */,
				2605443E29DF3FAD00AE2662 /* TKNApp.swift */,
				26EF69AE29DF6361006848B2 /* Info.plist */,
				2605444029DF3FAD00AE2662 /* ContentView.swift */,
				2605446929DF40D400AE2662 /* WebView.swift */,
				260B51EE2A0BEC4A000AC7A7 /* UIWebView.swift */,
				260B51EA2A0BE299000AC7A7 /* SearchView.swift */,
				2605444229DF3FB000AE2662 /* Assets.xcassets */,
				2605444429DF3FB000AE2662 /* TKN.entitlements */,
				2605444529DF3FB000AE2662 /* Preview Content */,
			);
			path = TKN;
			sourceTree = "<group>";
		};
		2605444529DF3FB000AE2662 /* Preview Content */ = {
			isa = PBXGroup;
			children = (
				2605444629DF3FB000AE2662 /* Preview Assets.xcassets */,
			);
			path = "Preview Content";
			sourceTree = "<group>";
		};
		2605444F29DF3FB000AE2662 /* TKNTests */ = {
			isa = PBXGroup;
			children = (
				2605445029DF3FB000AE2662 /* TKNTests.swift */,
			);
			path = TKNTests;
			sourceTree = "<group>";
		};
		2605445929DF3FB000AE2662 /* TKNUITests */ = {
			isa = PBXGroup;
			children = (
				2605445A29DF3FB000AE2662 /* TKNUITests.swift */,
				2605445C29DF3FB000AE2662 /* TKNUITestsLaunchTests.swift */,
			);
			path = TKNUITests;
			sourceTree = "<group>";
		};
		26EF69AF29DF6D07006848B2 /* Assets */ = {
			isa = PBXGroup;
			children = (
				268EE57529E7DEEF00081807 /* edit.svg */,
				26EF69B029DF6D23006848B2 /* search.svg */,
				26EF69B429DF6D35006848B2 /* list.svg */,
				26EF69B229DF6D2E006848B2 /* star.svg */,
			);
			path = Assets;
			sourceTree = "<group>";
		};
/* End PBXGroup section */

/* Begin PBXNativeTarget section */
		2605443A29DF3FAD00AE2662 /* TKN */ = {
			isa = PBXNativeTarget;
			buildConfigurationList = 2605446029DF3FB000AE2662 /* Build configuration list for PBXNativeTarget "TKN" */;
			buildPhases = (
				2605443729DF3FAD00AE2662 /* Sources */,
				2605443829DF3FAD00AE2662 /* Frameworks */,
				2605443929DF3FAD00AE2662 /* Resources */,
			);
			buildRules = (
			);
			dependencies = (
			);
			name = TKN;
			packageProductDependencies = (
				26EF69B729DF7093006848B2 /* SVGKitSwift */,
			);
			productName = TKN;
			productReference = 2605443B29DF3FAD00AE2662 /* TKN.app */;
			productType = "com.apple.product-type.application";
		};
		2605444B29DF3FB000AE2662 /* TKNTests */ = {
			isa = PBXNativeTarget;
			buildConfigurationList = 2605446329DF3FB000AE2662 /* Build configuration list for PBXNativeTarget "TKNTests" */;
			buildPhases = (
				2605444829DF3FB000AE2662 /* Sources */,
				2605444929DF3FB000AE2662 /* Frameworks */,
				2605444A29DF3FB000AE2662 /* Resources */,
			);
			buildRules = (
			);
			dependencies = (
				2605444E29DF3FB000AE2662 /* PBXTargetDependency */,
			);
			name = TKNTests;
			productName = TKNTests;
			productReference = 2605444C29DF3FB000AE2662 /* TKNTests.xctest */;
			productType = "com.apple.product-type.bundle.unit-test";
		};
		2605445529DF3FB000AE2662 /* TKNUITests */ = {
			isa = PBXNativeTarget;
			buildConfigurationList = 2605446629DF3FB000AE2662 /* Build configuration list for PBXNativeTarget "TKNUITests" */;
			buildPhases = (
				2605445229DF3FB000AE2662 /* Sources */,
				2605445329DF3FB000AE2662 /* Frameworks */,
				2605445429DF3FB000AE2662 /* Resources */,
			);
			buildRules = (
			);
			dependencies = (
				2605445829DF3FB000AE2662 /* PBXTargetDependency */,
			);
			name = TKNUITests;
			productName = TKNUITests;
			productReference = 2605445629DF3FB000AE2662 /* TKNUITests.xctest */;
			productType = "com.apple.product-type.bundle.ui-testing";
		};
/* End PBXNativeTarget section */

/* Begin PBXProject section */
		2605443329DF3FAD00AE2662 /* Project object */ = {
			isa = PBXProject;
			attributes = {
				BuildIndependentTargetsInParallel = 1;
				LastSwiftUpdateCheck = 1430;
				LastUpgradeCheck = 1430;
				ORGANIZATIONNAME = Superadditive;
				TargetAttributes = {
					2605443A29DF3FAD00AE2662 = {
						CreatedOnToolsVersion = 14.3;
					};
					2605444B29DF3FB000AE2662 = {
						CreatedOnToolsVersion = 14.3;
						TestTargetID = 2605443A29DF3FAD00AE2662;
					};
					2605445529DF3FB000AE2662 = {
						CreatedOnToolsVersion = 14.3;
						TestTargetID = 2605443A29DF3FAD00AE2662;
					};
				};
			};
			buildConfigurationList = 2605443629DF3FAD00AE2662 /* Build configuration list for PBXProject "TKN" */;
			compatibilityVersion = "Xcode 14.0";
			developmentRegion = en;
			hasScannedForEncodings = 0;
			knownRegions = (
				en,
				Base,
			);
			mainGroup = 2605443229DF3FAD00AE2662;
			packageReferences = (
				26EF69B629DF7093006848B2 /* XCRemoteSwiftPackageReference "SVGKit" */,
			);
			productRefGroup = 2605443C29DF3FAD00AE2662 /* Products */;
			projectDirPath = "";
			projectRoot = "";
			targets = (
				2605443A29DF3FAD00AE2662 /* TKN */,
				2605444B29DF3FB000AE2662 /* TKNTests */,
				2605445529DF3FB000AE2662 /* TKNUITests */,
			);
		};
/* End PBXProject section */

/* Begin PBXResourcesBuildPhase section */
		2605443929DF3FAD00AE2662 /* Resources */ = {
			isa = PBXResourcesBuildPhase;
			buildActionMask = 2147483647;
			files = (
				26EF69B329DF6D2E006848B2 /* star.svg in Resources */,
				26EF69B129DF6D23006848B2 /* search.svg in Resources */,
				26EF69B529DF6D35006848B2 /* list.svg in Resources */,
				2605444729DF3FB000AE2662 /* Preview Assets.xcassets in Resources */,
				268EE57629E7DEEF00081807 /* edit.svg in Resources */,
				2605444329DF3FB000AE2662 /* Assets.xcassets in Resources */,
			);
			runOnlyForDeploymentPostprocessing = 0;
		};
		2605444A29DF3FB000AE2662 /* Resources */ = {
			isa = PBXResourcesBuildPhase;
			buildActionMask = 2147483647;
			files = (
			);
			runOnlyForDeploymentPostprocessing = 0;
		};
		2605445429DF3FB000AE2662 /* Resources */ = {
			isa = PBXResourcesBuildPhase;
			buildActionMask = 2147483647;
			files = (
			);
			runOnlyForDeploymentPostprocessing = 0;
		};
/* End PBXResourcesBuildPhase section */

/* Begin PBXSourcesBuildPhase section */
		2605443729DF3FAD00AE2662 /* Sources */ = {
			isa = PBXSourcesBuildPhase;
			buildActionMask = 2147483647;
			files = (
				26D64C6D29F330AB00526CDE /* Constants.swift in Sources */,
				260B51EF2A0BEC4A000AC7A7 /* UIWebView.swift in Sources */,
				2605446A29DF40D400AE2662 /* WebView.swift in Sources */,
				2605444129DF3FAD00AE2662 /* ContentView.swift in Sources */,
				260B51EB2A0BE299000AC7A7 /* SearchView.swift in Sources */,
				2605443F29DF3FAD00AE2662 /* TKNApp.swift in Sources */,
			);
			runOnlyForDeploymentPostprocessing = 0;
		};
		2605444829DF3FB000AE2662 /* Sources */ = {
			isa = PBXSourcesBuildPhase;
			buildActionMask = 2147483647;
			files = (
				2605445129DF3FB000AE2662 /* TKNTests.swift in Sources */,
			);
			runOnlyForDeploymentPostprocessing = 0;
		};
		2605445229DF3FB000AE2662 /* Sources */ = {
			isa = PBXSourcesBuildPhase;
			buildActionMask = 2147483647;
			files = (
				2605445D29DF3FB000AE2662 /* TKNUITestsLaunchTests.swift in Sources */,
				2605445B29DF3FB000AE2662 /* TKNUITests.swift in Sources */,
			);
			runOnlyForDeploymentPostprocessing = 0;
		};
/* End PBXSourcesBuildPhase section */

/* Begin PBXTargetDependency section */
		2605444E29DF3FB000AE2662 /* PBXTargetDependency */ = {
			isa = PBXTargetDependency;
			target = 2605443A29DF3FAD00AE2662 /* TKN */;
			targetProxy = 2605444D29DF3FB000AE2662 /* PBXContainerItemProxy */;
		};
		2605445829DF3FB000AE2662 /* PBXTargetDependency */ = {
			isa = PBXTargetDependency;
			target = 2605443A29DF3FAD00AE2662 /* TKN */;
			targetProxy = 2605445729DF3FB000AE2662 /* PBXContainerItemProxy */;
		};
/* End PBXTargetDependency section */

/* Begin XCBuildConfiguration section */
		2605445E29DF3FB000AE2662 /* Debug */ = {
			isa = XCBuildConfiguration;
			buildSettings = {
				ALWAYS_SEARCH_USER_PATHS = NO;
				CLANG_ANALYZER_NONNULL = YES;
				CLANG_ANALYZER_NUMBER_OBJECT_CONVERSION = YES_AGGRESSIVE;
				CLANG_CXX_LANGUAGE_STANDARD = "gnu++20";
				CLANG_ENABLE_MODULES = YES;
				CLANG_ENABLE_OBJC_ARC = YES;
				CLANG_ENABLE_OBJC_WEAK = YES;
				CLANG_WARN_BLOCK_CAPTURE_AUTORELEASING = YES;
				CLANG_WARN_BOOL_CONVERSION = YES;
				CLANG_WARN_COMMA = YES;
				CLANG_WARN_CONSTANT_CONVERSION = YES;
				CLANG_WARN_DEPRECATED_OBJC_IMPLEMENTATIONS = YES;
				CLANG_WARN_DIRECT_OBJC_ISA_USAGE = YES_ERROR;
				CLANG_WARN_DOCUMENTATION_COMMENTS = YES;
				CLANG_WARN_EMPTY_BODY = YES;
				CLANG_WARN_ENUM_CONVERSION = YES;
				CLANG_WARN_INFINITE_RECURSION = YES;
				CLANG_WARN_INT_CONVERSION = YES;
				CLANG_WARN_NON_LITERAL_NULL_CONVERSION = YES;
				CLANG_WARN_OBJC_IMPLICIT_RETAIN_SELF = YES;
				CLANG_WARN_OBJC_LITERAL_CONVERSION = YES;
				CLANG_WARN_OBJC_ROOT_CLASS = YES_ERROR;
				CLANG_WARN_QUOTED_INCLUDE_IN_FRAMEWORK_HEADER = YES;
				CLANG_WARN_RANGE_LOOP_ANALYSIS = YES;
				CLANG_WARN_STRICT_PROTOTYPES = YES;
				CLANG_WARN_SUSPICIOUS_MOVE = YES;
				CLANG_WARN_UNGUARDED_AVAILABILITY = YES_AGGRESSIVE;
				CLANG_WARN_UNREACHABLE_CODE = YES;
				CLANG_WARN__DUPLICATE_METHOD_MATCH = YES;
				COPY_PHASE_STRIP = NO;
				DEBUG_INFORMATION_FORMAT = dwarf;
				ENABLE_STRICT_OBJC_MSGSEND = YES;
				ENABLE_TESTABILITY = YES;
				GCC_C_LANGUAGE_STANDARD = gnu11;
				GCC_DYNAMIC_NO_PIC = NO;
				GCC_NO_COMMON_BLOCKS = YES;
				GCC_OPTIMIZATION_LEVEL = 0;
				GCC_PREPROCESSOR_DEFINITIONS = (
					"DEBUG=1",
					"$(inherited)",
				);
				GCC_WARN_64_TO_32_BIT_CONVERSION = YES;
				GCC_WARN_ABOUT_RETURN_TYPE = YES_ERROR;
				GCC_WARN_UNDECLARED_SELECTOR = YES;
				GCC_WARN_UNINITIALIZED_AUTOS = YES_AGGRESSIVE;
				GCC_WARN_UNUSED_FUNCTION = YES;
				GCC_WARN_UNUSED_VARIABLE = YES;
				MTL_ENABLE_DEBUG_INFO = INCLUDE_SOURCE;
				MTL_FAST_MATH = YES;
				ONLY_ACTIVE_ARCH = YES;
				SWIFT_ACTIVE_COMPILATION_CONDITIONS = DEBUG;
				SWIFT_OPTIMIZATION_LEVEL = "-Onone";
			};
			name = Debug;
		};
		2605445F29DF3FB000AE2662 /* Release */ = {
			isa = XCBuildConfiguration;
			buildSettings = {
				ALWAYS_SEARCH_USER_PATHS = NO;
				CLANG_ANALYZER_NONNULL = YES;
				CLANG_ANALYZER_NUMBER_OBJECT_CONVERSION = YES_AGGRESSIVE;
				CLANG_CXX_LANGUAGE_STANDARD = "gnu++20";
				CLANG_ENABLE_MODULES = YES;
				CLANG_ENABLE_OBJC_ARC = YES;
				CLANG_ENABLE_OBJC_WEAK = YES;
				CLANG_WARN_BLOCK_CAPTURE_AUTORELEASING = YES;
				CLANG_WARN_BOOL_CONVERSION = YES;
				CLANG_WARN_COMMA = YES;
				CLANG_WARN_CONSTANT_CONVERSION = YES;
				CLANG_WARN_DEPRECATED_OBJC_IMPLEMENTATIONS = YES;
				CLANG_WARN_DIRECT_OBJC_ISA_USAGE = YES_ERROR;
				CLANG_WARN_DOCUMENTATION_COMMENTS = YES;
				CLANG_WARN_EMPTY_BODY = YES;
				CLANG_WARN_ENUM_CONVERSION = YES;
				CLANG_WARN_INFINITE_RECURSION = YES;
				CLANG_WARN_INT_CONVERSION = YES;
				CLANG_WARN_NON_LITERAL_NULL_CONVERSION = YES;
				CLANG_WARN_OBJC_IMPLICIT_RETAIN_SELF = YES;
				CLANG_WARN_OBJC_LITERAL_CONVERSION = YES;
				CLANG_WARN_OBJC_ROOT_CLASS = YES_ERROR;
				CLANG_WARN_QUOTED_INCLUDE_IN_FRAMEWORK_HEADER = YES;
				CLANG_WARN_RANGE_LOOP_ANALYSIS = YES;
				CLANG_WARN_STRICT_PROTOTYPES = YES;
				CLANG_WARN_SUSPICIOUS_MOVE = YES;
				CLANG_WARN_UNGUARDED_AVAILABILITY = YES_AGGRESSIVE;
				CLANG_WARN_UNREACHABLE_CODE = YES;
				CLANG_WARN__DUPLICATE_METHOD_MATCH = YES;
				COPY_PHASE_STRIP = NO;
				DEBUG_INFORMATION_FORMAT = "dwarf-with-dsym";
				ENABLE_NS_ASSERTIONS = NO;
				ENABLE_STRICT_OBJC_MSGSEND = YES;
				GCC_C_LANGUAGE_STANDARD = gnu11;
				GCC_NO_COMMON_BLOCKS = YES;
				GCC_WARN_64_TO_32_BIT_CONVERSION = YES;
				GCC_WARN_ABOUT_RETURN_TYPE = YES_ERROR;
				GCC_WARN_UNDECLARED_SELECTOR = YES;
				GCC_WARN_UNINITIALIZED_AUTOS = YES_AGGRESSIVE;
				GCC_WARN_UNUSED_FUNCTION = YES;
				GCC_WARN_UNUSED_VARIABLE = YES;
				MTL_ENABLE_DEBUG_INFO = NO;
				MTL_FAST_MATH = YES;
				SWIFT_COMPILATION_MODE = wholemodule;
				SWIFT_OPTIMIZATION_LEVEL = "-O";
			};
			name = Release;
		};
		2605446129DF3FB000AE2662 /* Debug */ = {
			isa = XCBuildConfiguration;
			buildSettings = {
				ASSETCATALOG_COMPILER_APPICON_NAME = AppIcon;
				ASSETCATALOG_COMPILER_GLOBAL_ACCENT_COLOR_NAME = AccentColor;
				CODE_SIGN_ENTITLEMENTS = TKN/TKN.entitlements;
				CODE_SIGN_STYLE = Automatic;
				CURRENT_PROJECT_VERSION = 1;
				DEVELOPMENT_ASSET_PATHS = "\"TKN/Preview Content\"";
				DEVELOPMENT_TEAM = 8RSBH459XV;
				ENABLE_HARDENED_RUNTIME = YES;
				ENABLE_PREVIEWS = YES;
				GENERATE_INFOPLIST_FILE = YES;
				INFOPLIST_FILE = TKN/Info.plist;
				INFOPLIST_KEY_CFBundleDisplayName = TKN;
				INFOPLIST_KEY_LSApplicationCategoryType = "public.app-category.utilities";
				"INFOPLIST_KEY_UIApplicationSceneManifest_Generation[sdk=iphoneos*]" = YES;
				"INFOPLIST_KEY_UIApplicationSceneManifest_Generation[sdk=iphonesimulator*]" = YES;
				"INFOPLIST_KEY_UIApplicationSupportsIndirectInputEvents[sdk=iphoneos*]" = YES;
				"INFOPLIST_KEY_UIApplicationSupportsIndirectInputEvents[sdk=iphonesimulator*]" = YES;
				"INFOPLIST_KEY_UILaunchScreen_Generation[sdk=iphoneos*]" = YES;
				"INFOPLIST_KEY_UILaunchScreen_Generation[sdk=iphonesimulator*]" = YES;
				"INFOPLIST_KEY_UIStatusBarStyle[sdk=iphoneos*]" = UIStatusBarStyleDefault;
				"INFOPLIST_KEY_UIStatusBarStyle[sdk=iphonesimulator*]" = UIStatusBarStyleDefault;
				INFOPLIST_KEY_UISupportedInterfaceOrientations_iPad = "UIInterfaceOrientationPortrait UIInterfaceOrientationPortraitUpsideDown UIInterfaceOrientationLandscapeLeft UIInterfaceOrientationLandscapeRight";
				INFOPLIST_KEY_UISupportedInterfaceOrientations_iPhone = "UIInterfaceOrientationPortrait UIInterfaceOrientationLandscapeLeft UIInterfaceOrientationLandscapeRight";
				IPHONEOS_DEPLOYMENT_TARGET = 16.4;
				LD_RUNPATH_SEARCH_PATHS = "@executable_path/Frameworks";
				"LD_RUNPATH_SEARCH_PATHS[sdk=macosx*]" = "@executable_path/../Frameworks";
				MACOSX_DEPLOYMENT_TARGET = 13.0;
				MARKETING_VERSION = 1.0;
				PRODUCT_BUNDLE_IDENTIFIER = xyz.tkn.TKN;
				PRODUCT_NAME = "$(TARGET_NAME)";
				SDKROOT = auto;
				SUPPORTED_PLATFORMS = "iphoneos iphonesimulator macosx";
				SWIFT_EMIT_LOC_STRINGS = YES;
				SWIFT_VERSION = 5.0;
				TARGETED_DEVICE_FAMILY = "1,2";
			};
			name = Debug;
		};
		2605446229DF3FB000AE2662 /* Release */ = {
			isa = XCBuildConfiguration;
			buildSettings = {
				ASSETCATALOG_COMPILER_APPICON_NAME = AppIcon;
				ASSETCATALOG_COMPILER_GLOBAL_ACCENT_COLOR_NAME = AccentColor;
				CODE_SIGN_ENTITLEMENTS = TKN/TKN.entitlements;
				CODE_SIGN_STYLE = Automatic;
				CURRENT_PROJECT_VERSION = 1;
				DEVELOPMENT_ASSET_PATHS = "\"TKN/Preview Content\"";
				DEVELOPMENT_TEAM = 8RSBH459XV;
				ENABLE_HARDENED_RUNTIME = YES;
				ENABLE_PREVIEWS = YES;
				GENERATE_INFOPLIST_FILE = YES;
				INFOPLIST_FILE = TKN/Info.plist;
				INFOPLIST_KEY_CFBundleDisplayName = TKN;
				INFOPLIST_KEY_LSApplicationCategoryType = "public.app-category.utilities";
				"INFOPLIST_KEY_UIApplicationSceneManifest_Generation[sdk=iphoneos*]" = YES;
				"INFOPLIST_KEY_UIApplicationSceneManifest_Generation[sdk=iphonesimulator*]" = YES;
				"INFOPLIST_KEY_UIApplicationSupportsIndirectInputEvents[sdk=iphoneos*]" = YES;
				"INFOPLIST_KEY_UIApplicationSupportsIndirectInputEvents[sdk=iphonesimulator*]" = YES;
				"INFOPLIST_KEY_UILaunchScreen_Generation[sdk=iphoneos*]" = YES;
				"INFOPLIST_KEY_UILaunchScreen_Generation[sdk=iphonesimulator*]" = YES;
				"INFOPLIST_KEY_UIStatusBarStyle[sdk=iphoneos*]" = UIStatusBarStyleDefault;
				"INFOPLIST_KEY_UIStatusBarStyle[sdk=iphonesimulator*]" = UIStatusBarStyleDefault;
				INFOPLIST_KEY_UISupportedInterfaceOrientations_iPad = "UIInterfaceOrientationPortrait UIInterfaceOrientationPortraitUpsideDown UIInterfaceOrientationLandscapeLeft UIInterfaceOrientationLandscapeRight";
				INFOPLIST_KEY_UISupportedInterfaceOrientations_iPhone = "UIInterfaceOrientationPortrait UIInterfaceOrientationLandscapeLeft UIInterfaceOrientationLandscapeRight";
				IPHONEOS_DEPLOYMENT_TARGET = 16.4;
				LD_RUNPATH_SEARCH_PATHS = "@executable_path/Frameworks";
				"LD_RUNPATH_SEARCH_PATHS[sdk=macosx*]" = "@executable_path/../Frameworks";
				MACOSX_DEPLOYMENT_TARGET = 13.0;
				MARKETING_VERSION = 1.0;
				PRODUCT_BUNDLE_IDENTIFIER = xyz.tkn.TKN;
				PRODUCT_NAME = "$(TARGET_NAME)";
				SDKROOT = auto;
				SUPPORTED_PLATFORMS = "iphoneos iphonesimulator macosx";
				SWIFT_EMIT_LOC_STRINGS = YES;
				SWIFT_VERSION = 5.0;
				TARGETED_DEVICE_FAMILY = "1,2";
			};
			name = Release;
		};
		2605446429DF3FB000AE2662 /* Debug */ = {
			isa = XCBuildConfiguration;
			buildSettings = {
				ALWAYS_EMBED_SWIFT_STANDARD_LIBRARIES = YES;
				BUNDLE_LOADER = "$(TEST_HOST)";
				CODE_SIGN_STYLE = Automatic;
				CURRENT_PROJECT_VERSION = 1;
				DEVELOPMENT_TEAM = 8RSBH459XV;
				GENERATE_INFOPLIST_FILE = YES;
				IPHONEOS_DEPLOYMENT_TARGET = 16.4;
				MACOSX_DEPLOYMENT_TARGET = 13.0;
				MARKETING_VERSION = 1.0;
				PRODUCT_BUNDLE_IDENTIFIER = xyz.tkn.TKNTests;
				PRODUCT_NAME = "$(TARGET_NAME)";
				SDKROOT = auto;
				SUPPORTED_PLATFORMS = "iphoneos iphonesimulator macosx";
				SWIFT_EMIT_LOC_STRINGS = NO;
				SWIFT_VERSION = 5.0;
				TARGETED_DEVICE_FAMILY = "1,2";
				TEST_HOST = "$(BUILT_PRODUCTS_DIR)/TKN.app/$(BUNDLE_EXECUTABLE_FOLDER_PATH)/TKN";
			};
			name = Debug;
		};
		2605446529DF3FB000AE2662 /* Release */ = {
			isa = XCBuildConfiguration;
			buildSettings = {
				ALWAYS_EMBED_SWIFT_STANDARD_LIBRARIES = YES;
				BUNDLE_LOADER = "$(TEST_HOST)";
				CODE_SIGN_STYLE = Automatic;
				CURRENT_PROJECT_VERSION = 1;
				DEVELOPMENT_TEAM = 8RSBH459XV;
				GENERATE_INFOPLIST_FILE = YES;
				IPHONEOS_DEPLOYMENT_TARGET = 16.4;
				MACOSX_DEPLOYMENT_TARGET = 13.0;
				MARKETING_VERSION = 1.0;
				PRODUCT_BUNDLE_IDENTIFIER = xyz.tkn.TKNTests;
				PRODUCT_NAME = "$(TARGET_NAME)";
				SDKROOT = auto;
				SUPPORTED_PLATFORMS = "iphoneos iphonesimulator macosx";
				SWIFT_EMIT_LOC_STRINGS = NO;
				SWIFT_VERSION = 5.0;
				TARGETED_DEVICE_FAMILY = "1,2";
				TEST_HOST = "$(BUILT_PRODUCTS_DIR)/TKN.app/$(BUNDLE_EXECUTABLE_FOLDER_PATH)/TKN";
			};
			name = Release;
		};
		2605446729DF3FB000AE2662 /* Debug */ = {
			isa = XCBuildConfiguration;
			buildSettings = {
				ALWAYS_EMBED_SWIFT_STANDARD_LIBRARIES = YES;
				CODE_SIGN_STYLE = Automatic;
				CURRENT_PROJECT_VERSION = 1;
				DEVELOPMENT_TEAM = 8RSBH459XV;
				GENERATE_INFOPLIST_FILE = YES;
				IPHONEOS_DEPLOYMENT_TARGET = 16.4;
				MACOSX_DEPLOYMENT_TARGET = 13.0;
				MARKETING_VERSION = 1.0;
				PRODUCT_BUNDLE_IDENTIFIER = xyz.tkn.TKNUITests;
				PRODUCT_NAME = "$(TARGET_NAME)";
				SDKROOT = auto;
				SUPPORTED_PLATFORMS = "iphoneos iphonesimulator macosx";
				SWIFT_EMIT_LOC_STRINGS = NO;
				SWIFT_VERSION = 5.0;
				TARGETED_DEVICE_FAMILY = "1,2";
				TEST_TARGET_NAME = TKN;
			};
			name = Debug;
		};
		2605446829DF3FB000AE2662 /* Release */ = {
			isa = XCBuildConfiguration;
			buildSettings = {
				ALWAYS_EMBED_SWIFT_STANDARD_LIBRARIES = YES;
				CODE_SIGN_STYLE = Automatic;
				CURRENT_PROJECT_VERSION = 1;
				DEVELOPMENT_TEAM = 8RSBH459XV;
				GENERATE_INFOPLIST_FILE = YES;
				IPHONEOS_DEPLOYMENT_TARGET = 16.4;
				MACOSX_DEPLOYMENT_TARGET = 13.0;
				MARKETING_VERSION = 1.0;
				PRODUCT_BUNDLE_IDENTIFIER = xyz.tkn.TKNUITests;
				PRODUCT_NAME = "$(TARGET_NAME)";
				SDKROOT = auto;
				SUPPORTED_PLATFORMS = "iphoneos iphonesimulator macosx";
				SWIFT_EMIT_LOC_STRINGS = NO;
				SWIFT_VERSION = 5.0;
				TARGETED_DEVICE_FAMILY = "1,2";
				TEST_TARGET_NAME = TKN;
			};
			name = Release;
		};
/* End XCBuildConfiguration section */

/* Begin XCConfigurationList section */
		2605443629DF3FAD00AE2662 /* Build configuration list for PBXProject "TKN" */ = {
			isa = XCConfigurationList;
			buildConfigurations = (
				2605445E29DF3FB000AE2662 /* Debug */,
				2605445F29DF3FB000AE2662 /* Release */,
			);
			defaultConfigurationIsVisible = 0;
			defaultConfigurationName = Release;
		};
		2605446029DF3FB000AE2662 /* Build configuration list for PBXNativeTarget "TKN" */ = {
			isa = XCConfigurationList;
			buildConfigurations = (
				2605446129DF3FB000AE2662 /* Debug */,
				2605446229DF3FB000AE2662 /* Release */,
			);
			defaultConfigurationIsVisible = 0;
			defaultConfigurationName = Release;
		};
		2605446329DF3FB000AE2662 /* Build configuration list for PBXNativeTarget "TKNTests" */ = {
			isa = XCConfigurationList;
			buildConfigurations = (
				2605446429DF3FB000AE2662 /* Debug */,
				2605446529DF3FB000AE2662 /* Release */,
			);
			defaultConfigurationIsVisible = 0;
			defaultConfigurationName = Release;
		};
		2605446629DF3FB000AE2662 /* Build configuration list for PBXNativeTarget "TKNUITests" */ = {
			isa = XCConfigurationList;
			buildConfigurations = (
				2605446729DF3FB000AE2662 /* Debug */,
				2605446829DF3FB000AE2662 /* Release */,
			);
			defaultConfigurationIsVisible = 0;
			defaultConfigurationName = Release;
		};
/* End XCConfigurationList section */

/* Begin XCRemoteSwiftPackageReference section */
		26EF69B629DF7093006848B2 /* XCRemoteSwiftPackageReference "SVGKit" */ = {
			isa = XCRemoteSwiftPackageReference;
			repositoryURL = "https://github.com/SVGKit/SVGKit.git";
			requirement = {
				kind = upToNextMajorVersion;
				minimumVersion = 3.0.0;
			};
		};
/* End XCRemoteSwiftPackageReference section */

/* Begin XCSwiftPackageProductDependency section */
		26EF69B729DF7093006848B2 /* SVGKitSwift */ = {
			isa = XCSwiftPackageProductDependency;
			package = 26EF69B629DF7093006848B2 /* XCRemoteSwiftPackageReference "SVGKit" */;
			productName = SVGKitSwift;
		};
/* End XCSwiftPackageProductDependency section */
	};
	rootObject = 2605443329DF3FAD00AE2662 /* Project object */;
}
